{
  "lockfileVersion": 1,
  "configVersion": 1,
  "workspaces": {
    "": {
      "name": "tested-patch-project-flow",
      "dependencies": {
        "@jigging/flow": "0.1.0-alpha.9",
      },
    },
  },
  "packages": {
    "@jigging/flow": ["@jigging/flow@0.1.0-alpha.9", "", {}, "sha512-4IRglJnZ+E9xDcCUKbH0Mqg9Wf9IefjFvvDxhZI26S5NsSpnJtCbY17etWm1PhVzSvgnl35lNBwsDO6bDyuuEw=="],
  }
}
