{
  "lockfileVersion": 1,
  "configVersion": 1,
  "workspaces": {
    "": {
      "dependencies": {
        "@cordisjs/plugin-timer": "1.1.2",
        "cordis": "4.0.0-rc.8",
      },
    },
  },
  "packages": {
    "@cordisjs/plugin-timer": ["@cordisjs/plugin-timer@1.1.2", "", { "dependencies": { "cosmokit": "^1.8.1" }, "peerDependencies": { "cordis": "^4.0.0-rc.5" } }, "sha512-5z5C3Eewt8JzK9XGy5JgIoYFRqXPWZnT7hHFfuJMQNzSom6iEVeLXpYiMvqVqGfJicHA7IroaOjcLRf99sidrQ=="],

    "@standard-schema/spec": ["@standard-schema/spec@1.1.0", "", {}, "sha512-l2aFy5jALhniG5HgqrD6jXLi/rUWrKvqN/qJx6yoJsgKhblVd+iqqU4RCXavm/jPityDo5TCvKMnpjKnOriy0w=="],

    "cordis": ["cordis@4.0.0-rc.8", "", { "dependencies": { "@standard-schema/spec": "^1.1.0", "cosmokit": "^1.8.1" }, "peerDependencies": { "@cordisjs/plugin-include": "^1.0.4", "@cordisjs/plugin-loader": "^1.0.0-rc.5" }, "optionalPeers": ["@cordisjs/plugin-include", "@cordisjs/plugin-loader"], "bin": "bin.js" }, "sha512-vXaYK6XZJlIFTnODp4Rd973Qnd/gm3cwFzWsMTaeu6cQQheA7N+aA0GqHRNl0cFIrxMXWU8dst1ZXHlUQvfyRw=="],

    "cosmokit": ["cosmokit@1.8.1", "", {}, "sha512-PDBv4l90xZKrUsZ0vtoycgZpO/j4iFsqJXrAxsyBDsnQRI7ZMJXIjgDJsKNjd5L8jnVnnlrDCdhkFbTncgCVjQ=="],
  }
}
